
Microsoft Visual Studio Solution File, Format Version 12.00
# Visual Studio 15
Project("{FAE04EC0-301F-11D3-BF4B-00C04F79EFBC}") = "Assembly-CSharp", "Assembly-CSharp.csproj", "{2EE89C18-B32D-56B9-98AE-F5DD1881552C}"
EndProject
Project("{FAE04EC0-301F-11D3-BF4B-00C04F79EFBC}") = "Assembly-CSharp-Editor", "Assembly-CSharp-Editor.csproj", "{02376925-ADBD-1B8E-46B9-238F6206BDF9}"
EndProject
Global
	GlobalSection(SolutionConfigurationPlatforms) = preSolution
		Debug|Any CPU = Debug|Any CPU
		Release|Any CPU = Release|Any CPU
	EndGlobalSection
	GlobalSection(ProjectConfigurationPlatforms) = postSolution
		{2EE89C18-B32D-56B9-98AE-F5DD1881552C}.Debug|Any CPU.ActiveCfg = Debug|Any CPU
		{2EE89C18-B32D-56B9-98AE-F5DD1881552C}.Debug|Any CPU.Build.0 = Debug|Any CPU
		{2EE89C18-B32D-56B9-98AE-F5DD1881552C}.Release|Any CPU.ActiveCfg = Release|Any CPU
		{2EE89C18-B32D-56B9-98AE-F5DD1881552C}.Release|Any CPU.Build.0 = Release|Any CPU
		{02376925-ADBD-1B8E-46B9-238F6206BDF9}.Debug|Any CPU.ActiveCfg = Debug|Any CPU
		{02376925-ADBD-1B8E-46B9-238F6206BDF9}.Debug|Any CPU.Build.0 = Debug|Any CPU
		{02376925-ADBD-1B8E-46B9-238F6206BDF9}.Release|Any CPU.ActiveCfg = Release|Any CPU
		{02376925-ADBD-1B8E-46B9-238F6206BDF9}.Release|Any CPU.Build.0 = Release|Any CPU
	EndGlobalSection
	GlobalSection(SolutionProperties) = preSolution
		HideSolutionNode = FALSE
	EndGlobalSection
EndGlobal
